// !$*UTF8*$!
{
	archiveVersion = 1;
	classes = {
	};
	objectVersion = 46;
	objects = {

/* Begin PBXBuildFile section */
		230841601DF6F6DE00A98559 /* AppDelegate.swift in Sources */ = {isa = PBXBuildFile; fileRef = 2308415F1DF6F6DE00A98559 /* AppDelegate.swift */; };
		230841621DF6F6DE00A98559 /* ViewController.swift in Sources */ = {isa = PBXBuildFile; fileRef = 230841611DF6F6DE00A98559 /* ViewController.swift */; };
		230841651DF6F6DE00A98559 /* Main.storyboard in Resources */ = {isa = PBXBuildFile; fileRef = 230841631DF6F6DE00A98559 /* Main.storyboard */; };
		230841671DF6F6DE00A98559 /* Assets.xcassets in Resources */ = {isa = PBXBuildFile; fileRef = 230841661DF6F6DE00A98559 /* Assets.xcassets */; };
		2308416A1DF6F6DE00A98559 /* LaunchScreen.storyboard in Resources */ = {isa = PBXBuildFile; fileRef = 230841681DF6F6DE00A98559 /* LaunchScreen.storyboard */; };
		230841721DF6FF4000A98559 /* SensorTag.swift in Sources */ = {isa = PBXBuildFile; fileRef = 230841711DF6FF4000A98559 /* SensorTag.swift */; };
/* End PBXBuildFile section */

/* Begin PBXFileReference section */
		2308415C1DF6F6DE00A98559 /* SensorTag.app */ = {isa = PBXFileReference; explicitFileType = wrapper.application; includeInIndex = 0; path = SensorTag.app; sourceTree = BUILT_PRODUCTS_DIR; };
		2308415F1DF6F6DE00A98559 /* AppDelegate.swift */ = {isa = PBXFileReference; lastKnownFileType = sourcecode.swift; path = AppDelegate.swift; sourceTree = "<group>"; };
		230841611DF6F6DE00A98559 /* ViewController.swift */ = {isa = PBXFileReference; lastKnownFileType = sourcecode.swift; path = ViewController.swift; sourceTree = "<group>"; };
		230841641DF6F6DE00A98559 /* Base */ = {isa = PBXFileReference; lastKnownFileType = file.storyboard; name = Base; path = Base.lproj/Main.storyboard; sourceTree = "<group>"; };
		230841661DF6F6DE00A98559 /* Assets.xcassets */ = {isa = PBXFileReference; lastKnownFileType = folder.assetcatalog; path = Assets.xcassets; sourceTree = "<group>"; };
		230841691DF6F6DE00A98559 /* Base */ = {isa = PBXFileReference; lastKnownFileType = file.storyboard; name = Base; path = Base.lproj/LaunchScreen.storyboard; sourceTree = "<group>"; };
		2308416B1DF6F6DE00A98559 /* Info.plist */ = {isa = PBXFileReference; lastKnownFileType = text.plist.xml; path = Info.plist; sourceTree = "<group>"; };
		230841711DF6FF4000A98559 /* SensorTag.swift */ = {isa = PBXFileReference; fileEncoding = 4; lastKnownFileType = sourcecode.swift; path = SensorTag.swift; sourceTree = "<group>"; };
/* End PBXFileReference section */

/* Begin PBXFrameworksBuildPhase section */
		230841591DF6F6DE00A98559 /* Frameworks */ = {
			isa = PBXFrameworksBuildPhase;
			buildActionMask = 2147483647;
			files = (
			);
			runOnlyForDeploymentPostprocessing = 0;
		};
/* End PBXFrameworksBuildPhase section */

/* Begin PBXGroup section */
		230841531DF6F6DE00A98559 = {
			isa = PBXGroup;
			children = (
				2308415E1DF6F6DE00A98559 /* SensorTag */,
				2308415D1DF6F6DE00A98559 /* Products */,
			);
			sourceTree = "<group>";
		};
		2308415D1DF6F6DE00A98559 /* Products */ = {
			isa = PBXGroup;
			children = (
				2308415C1DF6F6DE00A98559 /* SensorTag.app */,
			);
			name = Products;
			sourceTree = "<group>";
		};
		2308415E1DF6F6DE00A98559 /* SensorTag */ = {
			isa = PBXGroup;
			children = (
				2308415F1DF6F6DE00A98559 /* AppDelegate.swift */,
				230841611DF6F6DE00A98559 /* ViewController.swift */,
				230841631DF6F6DE00A98559 /* Main.storyboard */,
				230841661DF6F6DE00A98559 /* Assets.xcassets */,
				230841681DF6F6DE00A98559 /* LaunchScreen.storyboard */,
				2308416B1DF6F6DE00A98559 /* Info.plist */,
				230841711DF6FF4000A98559 /* SensorTag.swift */,
			);
			path = SensorTag;
			sourceTree = "<group>";
		};
/* End PBXGroup section */

/* Begin PBXNativeTarget section */
		2308415B1DF6F6DE00A98559 /* SensorTag */ = {
			isa = PBXNativeTarget;
			buildConfigurationList = 2308416E1DF6F6DE00A98559 /* Build configuration list for PBXNativeTarget "SensorTag" */;
			buildPhases = (
				230841581DF6F6DE00A98559 /* Sources */,
				230841591DF6F6DE00A98559 /* Frameworks */,
				2308415A1DF6F6DE00A98559 /* Resources */,
			);
			buildRules = (
			);
			dependencies = (
			);
			name = SensorTag;
			productName = SensorTag;
			productReference = 2308415C1DF6F6DE00A98559 /* SensorTag.app */;
			productType = "com.apple.product-type.application";
		};
/* End PBXNativeTarget section */

/* Begin PBXProject section */
		230841541DF6F6DE00A98559 /* Project object */ = {
			isa = PBXProject;
			attributes = {
				LastSwiftUpdateCheck = 0810;
				LastUpgradeCheck = 0810;
				ORGANIZATIONNAME = cjdev;
				TargetAttributes = {
					2308415B1DF6F6DE00A98559 = {
						CreatedOnToolsVersion = 8.1;
						DevelopmentTeam = 9A3JHQM97D;
						ProvisioningStyle = Automatic;
					};
				};
			};
			buildConfigurationList = 230841571DF6F6DE00A98559 /* Build configuration list for PBXProject "SensorTag" */;
			compatibilityVersion = "Xcode 3.2";
			developmentRegion = English;
			hasScannedForEncodings = 0;
			knownRegions = (
				en,
				Base,
			);
			mainGroup = 230841531DF6F6DE00A98559;
			productRefGroup = 2308415D1DF6F6DE00A98559 /* Products */;
			projectDirPath = "";
			projectRoot = "";
			targets = (
				2308415B1DF6F6DE00A98559 /* SensorTag */,
			);
		};
/* End PBXProject section */

/* Begin PBXResourcesBuildPhase section */
		2308415A1DF6F6DE00A98559 /* Resources */ = {
			isa = PBXResourcesBuildPhase;
			buildActionMask = 2147483647;
			files = (
				2308416A1DF6F6DE00A98559 /* LaunchScreen.storyboard in Resources */,
				230841671DF6F6DE00A98559 /* Assets.xcassets in Resources */,
				230841651DF6F6DE00A98559 /* Main.storyboard in Resources */,
			);
			runOnlyForDeploymentPostprocessing = 0;
		};
/* End PBXResourcesBuildPhase section */

/* Begin PBXSourcesBuildPhase section */
		230841581DF6F6DE00A98559 /* Sources */ = {
			isa = PBXSourcesBuildPhase;
			buildActionMask = 2147483647;
			files = (
				230841621DF6F6DE00A98559 /* ViewController.swift in Sources */,
				230841721DF6FF4000A98559 /* SensorTag.swift in Sources */,
				230841601DF6F6DE00A98559 /* AppDelegate.swift in Sources */,
			);
			runOnlyForDeploymentPostprocessing = 0;
		};
/* End PBXSourcesBuildPhase section */

/* Begin PBXVariantGroup section */
		230841631DF6F6DE00A98559 /* Main.storyboard */ = {
			isa = PBXVariantGroup;
			children = (
				230841641DF6F6DE00A98559 /* Base */,
			);
			name = Main.storyboard;
			sourceTree = "<group>";
		};
		230841681DF6F6DE00A98559 /* LaunchScreen.storyboard */ = {
			isa = PBXVariantGroup;
			children = (
				230841691DF6F6DE00A98559 /* Base */,
			);
			name = LaunchScreen.storyboard;
			sourceTree = "<group>";
		};
/* End PBXVariantGroup section */

/* Begin XCBuildConfiguration section */
		2308416C1DF6F6DE00A98559 /* Debug */ = {
			isa = XCBuildConfiguration;
			buildSettings = {
				ALWAYS_SEARCH_USER_PATHS = NO;
				CLANG_ANALYZER_NONNULL = YES;
				CLANG_CXX_LANGUAGE_STANDARD = "gnu++0x";
				CLANG_CXX_LIBRARY = "libc++";
				CLANG_ENABLE_MODULES = YES;
				CLANG_ENABLE_OBJC_ARC = YES;
				CLANG_WARN_BOOL_CONVERSION = YES;
				CLANG_WARN_CONSTANT_CONVERSION = YES;
				CLANG_WARN_DIRECT_OBJC_ISA_USAGE = YES_ERROR;
				CLANG_WARN_DOCUMENTATION_COMMENTS = YES;
				CLANG_WARN_EMPTY_BODY = YES;
				CLANG_WARN_ENUM_CONVERSION = YES;
				CLANG_WARN_INFINITE_RECURSION = YES;
				CLANG_WARN_INT_CONVERSION = YES;
				CLANG_WARN_OBJC_ROOT_CLASS = YES_ERROR;
				CLANG_WARN_SUSPICIOUS_MOVES = YES;
				CLANG_WARN_UNREACHABLE_CODE = YES;
				CLANG_WARN__DUPLICATE_METHOD_MATCH = YES;
				"CODE_SIGN_IDENTITY[sdk=iphoneos*]" = "iPhone Developer";
				COPY_PHASE_STRIP = NO;
				DEBUG_INFORMATION_FORMAT = dwarf;
				ENABLE_STRICT_OBJC_MSGSEND = YES;
				ENABLE_TESTABILITY = YES;
				GCC_C_LANGUAGE_STANDARD = gnu99;
				GCC_DYNAMIC_NO_PIC = NO;
				GCC_NO_COMMON_BLOCKS = YES;
				GCC_OPTIMIZATION_LEVEL = 0;
				GCC_PREPROCESSOR_DEFINITIONS = (
					"DEBUG=1",
					"$(inherited)",
				);
				GCC_WARN_64_TO_32_BIT_CONVERSION = YES;
				GCC_WARN_ABOUT_RETURN_TYPE = YES_ERROR;
				GCC_WARN_UNDECLARED_SELECTOR = YES;
				GCC_WARN_UNINITIALIZED_AUTOS = YES_AGGRESSIVE;
				GCC_WARN_UNUSED_FUNCTION = YES;
				GCC_WARN_UNUSED_VARIABLE = YES;
				IPHONEOS_DEPLOYMENT_TARGET = 10.1;
				MTL_ENABLE_DEBUG_INFO = YES;
				ONLY_ACTIVE_ARCH = YES;
				SDKROOT = iphoneos;
				SWIFT_ACTIVE_COMPILATION_CONDITIONS = DEBUG;
				SWIFT_OPTIMIZATION_LEVEL = "-Onone";
				TARGETED_DEVICE_FAMILY = "1,2";
			};
			name = Debug;
		};
		2308416D1DF6F6DE00A98559 /* Release */ = {
			isa = XCBuildConfiguration;
			buildSettings = {
				ALWAYS_SEARCH_USER_PATHS = NO;
				CLANG_ANALYZER_NONNULL = YES;
				CLANG_CXX_LANGUAGE_STANDARD = "gnu++0x";
				CLANG_CXX_LIBRARY = "libc++";
				CLANG_ENABLE_MODULES = YES;
				CLANG_ENABLE_OBJC_ARC = YES;
				CLANG_WARN_BOOL_CONVERSION = YES;
				CLANG_WARN_CONSTANT_CONVERSION = YES;
				CLANG_WARN_DIRECT_OBJC_ISA_USAGE = YES_ERROR;
				CLANG_WARN_DOCUMENTATION_COMMENTS = YES;
				CLANG_WARN_EMPTY_BODY = YES;
				CLANG_WARN_ENUM_CONVERSION = YES;
				CLANG_WARN_INFINITE_RECURSION = YES;
				CLANG_WARN_INT_CONVERSION = YES;
				CLANG_WARN_OBJC_ROOT_CLASS = YES_ERROR;
				CLANG_WARN_SUSPICIOUS_MOVES = YES;
				CLANG_WARN_UNREACHABLE_CODE = YES;
				CLANG_WARN__DUPLICATE_METHOD_MATCH = YES;
				"CODE_SIGN_IDENTITY[sdk=iphoneos*]" = "iPhone Developer";
				COPY_PHASE_STRIP = NO;
				DEBUG_INFORMATION_FORMAT = "dwarf-with-dsym";
				ENABLE_NS_ASSERTIONS = NO;
				ENABLE_STRICT_OBJC_MSGSEND = YES;
				GCC_C_LANGUAGE_STANDARD = gnu99;
				GCC_NO_COMMON_BLOCKS = YES;
				GCC_WARN_64_TO_32_BIT_CONVERSION = YES;
				GCC_WARN_ABOUT_RETURN_TYPE = YES_ERROR;
				GCC_WARN_UNDECLARED_SELECTOR = YES;
				GCC_WARN_UNINITIALIZED_AUTOS = YES_AGGRESSIVE;
				GCC_WARN_UNUSED_FUNCTION = YES;
				GCC_WARN_UNUSED_VARIABLE = YES;
				IPHONEOS_DEPLOYMENT_TARGET = 10.1;
				MTL_ENABLE_DEBUG_INFO = NO;
				SDKROOT = iphoneos;
				SWIFT_OPTIMIZATION_LEVEL = "-Owholemodule";
				TARGETED_DEVICE_FAMILY = "1,2";
				VALIDATE_PRODUCT = YES;
			};
			name = Release;
		};
		2308416F1DF6F6DE00A98559 /* Debug */ = {
			isa = XCBuildConfiguration;
			buildSettings = {
				ASSETCATALOG_COMPILER_APPICON_NAME = AppIcon;
				DEVELOPMENT_TEAM = 9A3JHQM97D;
				INFOPLIST_FILE = SensorTag/Info.plist;
				LD_RUNPATH_SEARCH_PATHS = "$(inherited) @executable_path/Frameworks";
				PRODUCT_BUNDLE_IDENTIFIER = com.cjdev.SensorTag;
				PRODUCT_NAME = "$(TARGET_NAME)";
				SWIFT_VERSION = 3.0;
			};
			name = Debug;
		};
		230841701DF6F6DE00A98559 /* Release */ = {
			isa = XCBuildConfiguration;
			buildSettings = {
				ASSETCATALOG_COMPILER_APPICON_NAME = AppIcon;
				DEVELOPMENT_TEAM = 9A3JHQM97D;
				INFOPLIST_FILE = SensorTag/Info.plist;
				LD_RUNPATH_SEARCH_PATHS = "$(inherited) @executable_path/Frameworks";
				PRODUCT_BUNDLE_IDENTIFIER = com.cjdev.SensorTag;
				PRODUCT_NAME = "$(TARGET_NAME)";
				SWIFT_VERSION = 3.0;
			};
			name = Release;
		};
/* End XCBuildConfiguration section */

/* Begin XCConfigurationList section */
		230841571DF6F6DE00A98559 /* Build configuration list for PBXProject "SensorTag" */ = {
			isa = XCConfigurationList;
			buildConfigurations = (
				2308416C1DF6F6DE00A98559 /* Debug */,
				2308416D1DF6F6DE00A98559 /* Release */,
			);
			defaultConfigurationIsVisible = 0;
			defaultConfigurationName = Release;
		};
		2308416E1DF6F6DE00A98559 /* Build configuration list for PBXNativeTarget "SensorTag" */ = {
			isa = XCConfigurationList;
			buildConfigurations = (
				2308416F1DF6F6DE00A98559 /* Debug */,
				230841701DF6F6DE00A98559 /* Release */,
			);
			defaultConfigurationIsVisible = 0;
		};
/* End XCConfigurationList section */
	};
	rootObject = 230841541DF6F6DE00A98559 /* Project object */;
}
